// !$*UTF8*$!
{
	archiveVersion = 1;
	classes = {
	};
	objectVersion = 77;
	objects = {

/* Begin PBXBuildFile section */
		D06EE92C2CFDB79A004CAC9E /* OpenAI in Frameworks */ = {isa = PBXBuildFile; productRef = D06EE92B2CFDB79A004CAC9E /* OpenAI */; };
/* End PBXBuildFile section */

/* Begin PBXContainerItemProxy section */
		AB5766EF2CF5CB5D007026A5 /* PBXContainerItemProxy */ = {
			isa = PBXContainerItemProxy;
			containerPortal = AB5766D42CF5CB5A007026A5 /* Project object */;
			proxyType = 1;
			remoteGlobalIDString = AB5766DB2CF5CB5A007026A5;
			remoteInfo = Debate;
		};
		AB5766F92CF5CB5D007026A5 /* PBXContainerItemProxy */ = {
			isa = PBXContainerItemProxy;
			containerPortal = AB5766D42CF5CB5A007026A5 /* Project object */;
			proxyType = 1;
			remoteGlobalIDString = AB5766DB2CF5CB5A007026A5;
			remoteInfo = Debate;
		};
/* End PBXContainerItemProxy section */

/* Begin PBXFileReference section */
		AB5766DC2CF5CB5A007026A5 /* Debate.app */ = {isa = PBXFileReference; explicitFileType = wrapper.application; includeInIndex = 0; path = Debate.app; sourceTree = BUILT_PRODUCTS_DIR; };
		AB5766EE2CF5CB5D007026A5 /* DebateTests.xctest */ = {isa = PBXFileReference; explicitFileType = wrapper.cfbundle; includeInIndex = 0; path = DebateTests.xctest; sourceTree = BUILT_PRODUCTS_DIR; };
		AB5766F82CF5CB5D007026A5 /* DebateUITests.xctest */ = {isa = PBXFileReference; explicitFileType = wrapper.cfbundle; includeInIndex = 0; path = DebateUITests.xctest; sourceTree = BUILT_PRODUCTS_DIR; };
/* End PBXFileReference section */

/* Begin PBXFileSystemSynchronizedRootGroup section */
		AB5766DE2CF5CB5A007026A5 /* Debate */ = {
			isa = PBXFileSystemSynchronizedRootGroup;
			path = Debate;
			sourceTree = "<group>";
		};
		AB5766F12CF5CB5D007026A5 /* DebateTests */ = {
			isa = PBXFileSystemSynchronizedRootGroup;
			path = DebateTests;
			sourceTree = "<group>";
		};
		AB5766FB2CF5CB5D007026A5 /* DebateUITests */ = {
			isa = PBXFileSystemSynchronizedRootGroup;
			path = DebateUITests;
			sourceTree = "<group>";
		};
/* End PBXFileSystemSynchronizedRootGroup section */

/* Begin PBXFrameworksBuildPhase section */
		AB5766D92CF5CB5A007026A5 /* Frameworks */ = {
			isa = PBXFrameworksBuildPhase;
			buildActionMask = 2147483647;
			files = (
				D06EE92C2CFDB79A004CAC9E /* OpenAI in Frameworks */,
			);
			runOnlyForDeploymentPostprocessing = 0;
		};
		AB5766EB2CF5CB5D007026A5 /* Frameworks */ = {
			isa = PBXFrameworksBuildPhase;
			buildActionMask = 2147483647;
			files = (
			);
			runOnlyForDeploymentPostprocessing = 0;
		};
		AB5766F52CF5CB5D007026A5 /* Frameworks */ = {
			isa = PBXFrameworksBuildPhase;
			buildActionMask = 2147483647;
			files = (
			);
			runOnlyForDeploymentPostprocessing = 0;
		};
/* End PBXFrameworksBuildPhase section */

/* Begin PBXGroup section */
		AB5766D32CF5CB5A007026A5 = {
			isa = PBXGroup;
			children = (
				AB5766DE2CF5CB5A007026A5 /* Debate */,
				AB5766F12CF5CB5D007026A5 /* DebateTests */,
				AB5766FB2CF5CB5D007026A5 /* DebateUITests */,
				AB5766DD2CF5CB5A007026A5 /* Products */,
			);
			sourceTree = "<group>";
		};
		AB5766DD2CF5CB5A007026A5 /* Products */ = {
			isa = PBXGroup;
			children = (
				AB5766DC2CF5CB5A007026A5 /* Debate.app */,
				AB5766EE2CF5CB5D007026A5 /* DebateTests.xctest */,
				AB5766F82CF5CB5D007026A5 /* DebateUITests.xctest */,
			);
			name = Products;
			sourceTree = "<group>";
		};
/* End PBXGroup section */

/* Begin PBXNativeTarget section */
		AB5766DB2CF5CB5A007026A5 /* Debate */ = {
			isa = PBXNativeTarget;
			buildConfigurationList = AB5767022CF5CB5D007026A5 /* Build configuration list for PBXNativeTarget "Debate" */;
			buildPhases = (
				AB5766D82CF5CB5A007026A5 /* Sources */,
				AB5766D92CF5CB5A007026A5 /* Frameworks */,
				AB5766DA2CF5CB5A007026A5 /* Resources */,
			);
			buildRules = (
			);
			dependencies = (
			);
			fileSystemSynchronizedGroups = (
				AB5766DE2CF5CB5A007026A5 /* Debate */,
			);
			name = Debate;
			packageProductDependencies = (
				D06EE92B2CFDB79A004CAC9E /* OpenAI */,
			);
			productName = Debate;
			productReference = AB5766DC2CF5CB5A007026A5 /* Debate.app */;
			productType = "com.apple.product-type.application";
		};
		AB5766ED2CF5CB5D007026A5 /* DebateTests */ = {
			isa = PBXNativeTarget;
			buildConfigurationList = AB5767052CF5CB5D007026A5 /* Build configuration list for PBXNativeTarget "DebateTests" */;
			buildPhases = (
				AB5766EA2CF5CB5D007026A5 /* Sources */,
				AB5766EB2CF5CB5D007026A5 /* Frameworks */,
				AB5766EC2CF5CB5D007026A5 /* Resources */,
			);
			buildRules = (
			);
			dependencies = (
				AB5766F02CF5CB5D007026A5 /* PBXTargetDependency */,
			);
			fileSystemSynchronizedGroups = (
				AB5766F12CF5CB5D007026A5 /* DebateTests */,
			);
			name = DebateTests;
			packageProductDependencies = (
			);
			productName = DebateTests;
			productReference = AB5766EE2CF5CB5D007026A5 /* DebateTests.xctest */;
			productType = "com.apple.product-type.bundle.unit-test";
		};
		AB5766F72CF5CB5D007026A5 /* DebateUITests */ = {
			isa = PBXNativeTarget;
			buildConfigurationList = AB5767082CF5CB5D007026A5 /* Build configuration list for PBXNativeTarget "DebateUITests" */;
			buildPhases = (
				AB5766F42CF5CB5D007026A5 /* Sources */,
				AB5766F52CF5CB5D007026A5 /* Frameworks */,
				AB5766F62CF5CB5D007026A5 /* Resources */,
			);
			buildRules = (
			);
			dependencies = (
				AB5766FA2CF5CB5D007026A5 /* PBXTargetDependency */,
			);
			fileSystemSynchronizedGroups = (
				AB5766FB2CF5CB5D007026A5 /* DebateUITests */,
			);
			name = DebateUITests;
			packageProductDependencies = (
			);
			productName = DebateUITests;
			productReference = AB5766F82CF5CB5D007026A5 /* DebateUITests.xctest */;
			productType = "com.apple.product-type.bundle.ui-testing";
		};
/* End PBXNativeTarget section */

/* Begin PBXProject section */
		AB5766D42CF5CB5A007026A5 /* Project object */ = {
			isa = PBXProject;
			attributes = {
				BuildIndependentTargetsInParallel = 1;
				LastSwiftUpdateCheck = 1610;
				LastUpgradeCheck = 1610;
				TargetAttributes = {
					AB5766DB2CF5CB5A007026A5 = {
						CreatedOnToolsVersion = 16.1;
					};
					AB5766ED2CF5CB5D007026A5 = {
						CreatedOnToolsVersion = 16.1;
						TestTargetID = AB5766DB2CF5CB5A007026A5;
					};
					AB5766F72CF5CB5D007026A5 = {
						CreatedOnToolsVersion = 16.1;
						TestTargetID = AB5766DB2CF5CB5A007026A5;
					};
				};
			};
			buildConfigurationList = AB5766D72CF5CB5A007026A5 /* Build configuration list for PBXProject "Debate" */;
			developmentRegion = en;
			hasScannedForEncodings = 0;
			knownRegions = (
				en,
				Base,
			);
			mainGroup = AB5766D32CF5CB5A007026A5;
			minimizedProjectReferenceProxies = 1;
			packageReferences = (
				D06EE92A2CFDB79A004CAC9E /* XCRemoteSwiftPackageReference "OpenAI" */,
			);
			preferredProjectObjectVersion = 77;
			productRefGroup = AB5766DD2CF5CB5A007026A5 /* Products */;
			projectDirPath = "";
			projectRoot = "";
			targets = (
				AB5766DB2CF5CB5A007026A5 /* Debate */,
				AB5766ED2CF5CB5D007026A5 /* DebateTests */,
				AB5766F72CF5CB5D007026A5 /* DebateUITests */,
			);
		};
/* End PBXProject section */

/* Begin PBXResourcesBuildPhase section */
		AB5766DA2CF5CB5A007026A5 /* Resources */ = {
			isa = PBXResourcesBuildPhase;
			buildActionMask = 2147483647;
			files = (
			);
			runOnlyForDeploymentPostprocessing = 0;
		};
		AB5766EC2CF5CB5D007026A5 /* Resources */ = {
			isa = PBXResourcesBuildPhase;
			buildActionMask = 2147483647;
			files = (
			);
			runOnlyForDeploymentPostprocessing = 0;
		};
		AB5766F62CF5CB5D007026A5 /* Resources */ = {
			isa = PBXResourcesBuildPhase;
			buildActionMask = 2147483647;
			files = (
			);
			runOnlyForDeploymentPostprocessing = 0;
		};
/* End PBXResourcesBuildPhase section */

/* Begin PBXSourcesBuildPhase section */
		AB5766D82CF5CB5A007026A5 /* Sources */ = {
			isa = PBXSourcesBuildPhase;
			buildActionMask = 2147483647;
			files = (
			);
			runOnlyForDeploymentPostprocessing = 0;
		};
		AB5766EA2CF5CB5D007026A5 /* Sources */ = {
			isa = PBXSourcesBuildPhase;
			buildActionMask = 2147483647;
			files = (
			);
			runOnlyForDeploymentPostprocessing = 0;
		};
		AB5766F42CF5CB5D007026A5 /* Sources */ = {
			isa = PBXSourcesBuildPhase;
			buildActionMask = 2147483647;
			files = (
			);
			runOnlyForDeploymentPostprocessing = 0;
		};
/* End PBXSourcesBuildPhase section */

/* Begin PBXTargetDependency section */
		AB5766F02CF5CB5D007026A5 /* PBXTargetDependency */ = {
			isa = PBXTargetDependency;
			target = AB5766DB2CF5CB5A007026A5 /* Debate */;
			targetProxy = AB5766EF2CF5CB5D007026A5 /* PBXContainerItemProxy */;
		};
		AB5766FA2CF5CB5D007026A5 /* PBXTargetDependency */ = {
			isa = PBXTargetDependency;
			target = AB5766DB2CF5CB5A007026A5 /* Debate */;
			targetProxy = AB5766F92CF5CB5D007026A5 /* PBXContainerItemProxy */;
		};
/* End PBXTargetDependency section */

/* Begin XCBuildConfiguration section */
		AB5767002CF5CB5D007026A5 /* Debug */ = {
			isa = XCBuildConfiguration;
			buildSettings = {
				ALWAYS_SEARCH_USER_PATHS = NO;
				ASSETCATALOG_COMPILER_GENERATE_SWIFT_ASSET_SYMBOL_EXTENSIONS = YES;
				CLANG_ANALYZER_NONNULL = YES;
				CLANG_ANALYZER_NUMBER_OBJECT_CONVERSION = YES_AGGRESSIVE;
				CLANG_CXX_LANGUAGE_STANDARD = "gnu++20";
				CLANG_ENABLE_MODULES = YES;
				CLANG_ENABLE_OBJC_ARC = YES;
				CLANG_ENABLE_OBJC_WEAK = YES;
				CLANG_WARN_BLOCK_CAPTURE_AUTORELEASING = YES;
				CLANG_WARN_BOOL_CONVERSION = YES;
				CLANG_WARN_COMMA = YES;
				CLANG_WARN_CONSTANT_CONVERSION = YES;
				CLANG_WARN_DEPRECATED_OBJC_IMPLEMENTATIONS = YES;
				CLANG_WARN_DIRECT_OBJC_ISA_USAGE = YES_ERROR;
				CLANG_WARN_DOCUMENTATION_COMMENTS = YES;
				CLANG_WARN_EMPTY_BODY = YES;
				CLANG_WARN_ENUM_CONVERSION = YES;
				CLANG_WARN_INFINITE_RECURSION = YES;
				CLANG_WARN_INT_CONVERSION = YES;
				CLANG_WARN_NON_LITERAL_NULL_CONVERSION = YES;
				CLANG_WARN_OBJC_IMPLICIT_RETAIN_SELF = YES;
				CLANG_WARN_OBJC_LITERAL_CONVERSION = YES;
				CLANG_WARN_OBJC_ROOT_CLASS = YES_ERROR;
				CLANG_WARN_QUOTED_INCLUDE_IN_FRAMEWORK_HEADER = YES;
				CLANG_WARN_RANGE_LOOP_ANALYSIS = YES;
				CLANG_WARN_STRICT_PROTOTYPES = YES;
				CLANG_WARN_SUSPICIOUS_MOVE = YES;
				CLANG_WARN_UNGUARDED_AVAILABILITY = YES_AGGRESSIVE;
				CLANG_WARN_UNREACHABLE_CODE = YES;
				CLANG_WARN__DUPLICATE_METHOD_MATCH = YES;
				COPY_PHASE_STRIP = NO;
				DEBUG_INFORMATION_FORMAT = dwarf;
				ENABLE_STRICT_OBJC_MSGSEND = YES;
				ENABLE_TESTABILITY = YES;
				ENABLE_USER_SCRIPT_SANDBOXING = YES;
				GCC_C_LANGUAGE_STANDARD = gnu17;
				GCC_DYNAMIC_NO_PIC = NO;
				GCC_NO_COMMON_BLOCKS = YES;
				GCC_OPTIMIZATION_LEVEL = 0;
				GCC_PREPROCESSOR_DEFINITIONS = (
					"DEBUG=1",
					"$(inherited)",
				);
				GCC_WARN_64_TO_32_BIT_CONVERSION = YES;
				GCC_WARN_ABOUT_RETURN_TYPE = YES_ERROR;
				GCC_WARN_UNDECLARED_SELECTOR = YES;
				GCC_WARN_UNINITIALIZED_AUTOS = YES_AGGRESSIVE;
				GCC_WARN_UNUSED_FUNCTION = YES;
				GCC_WARN_UNUSED_VARIABLE = YES;
				IPHONEOS_DEPLOYMENT_TARGET = 18.1;
				LOCALIZATION_PREFERS_STRING_CATALOGS = YES;
				MTL_ENABLE_DEBUG_INFO = INCLUDE_SOURCE;
				MTL_FAST_MATH = YES;
				ONLY_ACTIVE_ARCH = YES;
				SDKROOT = iphoneos;
				SWIFT_ACTIVE_COMPILATION_CONDITIONS = "DEBUG $(inherited)";
				SWIFT_OPTIMIZATION_LEVEL = "-Onone";
			};
			name = Debug;
		};
		AB5767012CF5CB5D007026A5 /* Release */ = {
			isa = XCBuildConfiguration;
			buildSettings = {
				ALWAYS_SEARCH_USER_PATHS = NO;
				ASSETCATALOG_COMPILER_GENERATE_SWIFT_ASSET_SYMBOL_EXTENSIONS = YES;
				CLANG_ANALYZER_NONNULL = YES;
				CLANG_ANALYZER_NUMBER_OBJECT_CONVERSION = YES_AGGRESSIVE;
				CLANG_CXX_LANGUAGE_STANDARD = "gnu++20";
				CLANG_ENABLE_MODULES = YES;
				CLANG_ENABLE_OBJC_ARC = YES;
				CLANG_ENABLE_OBJC_WEAK = YES;
				CLANG_WARN_BLOCK_CAPTURE_AUTORELEASING = YES;
				CLANG_WARN_BOOL_CONVERSION = YES;
				CLANG_WARN_COMMA = YES;
				CLANG_WARN_CONSTANT_CONVERSION = YES;
				CLANG_WARN_DEPRECATED_OBJC_IMPLEMENTATIONS = YES;
				CLANG_WARN_DIRECT_OBJC_ISA_USAGE = YES_ERROR;
				CLANG_WARN_DOCUMENTATION_COMMENTS = YES;
				CLANG_WARN_EMPTY_BODY = YES;
				CLANG_WARN_ENUM_CONVERSION = YES;
				CLANG_WARN_INFINITE_RECURSION = YES;
				CLANG_WARN_INT_CONVERSION = YES;
				CLANG_WARN_NON_LITERAL_NULL_CONVERSION = YES;
				CLANG_WARN_OBJC_IMPLICIT_RETAIN_SELF = YES;
				CLANG_WARN_OBJC_LITERAL_CONVERSION = YES;
				CLANG_WARN_OBJC_ROOT_CLASS = YES_ERROR;
				CLANG_WARN_QUOTED_INCLUDE_IN_FRAMEWORK_HEADER = YES;
				CLANG_WARN_RANGE_LOOP_ANALYSIS = YES;
				CLANG_WARN_STRICT_PROTOTYPES = YES;
				CLANG_WARN_SUSPICIOUS_MOVE = YES;
				CLANG_WARN_UNGUARDED_AVAILABILITY = YES_AGGRESSIVE;
				CLANG_WARN_UNREACHABLE_CODE = YES;
				CLANG_WARN__DUPLICATE_METHOD_MATCH = YES;
				COPY_PHASE_STRIP = NO;
				DEBUG_INFORMATION_FORMAT = "dwarf-with-dsym";
				ENABLE_NS_ASSERTIONS = NO;
				ENABLE_STRICT_OBJC_MSGSEND = YES;
				ENABLE_USER_SCRIPT_SANDBOXING = YES;
				GCC_C_LANGUAGE_STANDARD = gnu17;
				GCC_NO_COMMON_BLOCKS = YES;
				GCC_WARN_64_TO_32_BIT_CONVERSION = YES;
				GCC_WARN_ABOUT_RETURN_TYPE = YES_ERROR;
				GCC_WARN_UNDECLARED_SELECTOR = YES;
				GCC_WARN_UNINITIALIZED_AUTOS = YES_AGGRESSIVE;
				GCC_WARN_UNUSED_FUNCTION = YES;
				GCC_WARN_UNUSED_VARIABLE = YES;
				IPHONEOS_DEPLOYMENT_TARGET = 18.1;
				LOCALIZATION_PREFERS_STRING_CATALOGS = YES;
				MTL_ENABLE_DEBUG_INFO = NO;
				MTL_FAST_MATH = YES;
				SDKROOT = iphoneos;
				SWIFT_COMPILATION_MODE = wholemodule;
				VALIDATE_PRODUCT = YES;
			};
			name = Release;
		};
		AB5767032CF5CB5D007026A5 /* Debug */ = {
			isa = XCBuildConfiguration;
			buildSettings = {
				ASSETCATALOG_COMPILER_APPICON_NAME = AppIcon;
				ASSETCATALOG_COMPILER_GLOBAL_ACCENT_COLOR_NAME = AccentColor;
				CODE_SIGN_STYLE = Automatic;
				CURRENT_PROJECT_VERSION = 1;
				DEVELOPMENT_ASSET_PATHS = "\"Debate/Preview Content\"";
				DEVELOPMENT_TEAM = R3DZHP284Q;
				ENABLE_PREVIEWS = YES;
				GENERATE_INFOPLIST_FILE = YES;
				INFOPLIST_KEY_UIApplicationSceneManifest_Generation = YES;
				INFOPLIST_KEY_UIApplicationSupportsIndirectInputEvents = YES;
				INFOPLIST_KEY_UILaunchScreen_Generation = YES;
				INFOPLIST_KEY_UISupportedInterfaceOrientations_iPad = "UIInterfaceOrientationPortrait UIInterfaceOrientationPortraitUpsideDown UIInterfaceOrientationLandscapeLeft UIInterfaceOrientationLandscapeRight";
				INFOPLIST_KEY_UISupportedInterfaceOrientations_iPhone = "UIInterfaceOrientationPortrait UIInterfaceOrientationLandscapeLeft UIInterfaceOrientationLandscapeRight";
				LD_RUNPATH_SEARCH_PATHS = (
					"$(inherited)",
					"@executable_path/Frameworks",
				);
				MARKETING_VERSION = 1.0;
				PRODUCT_BUNDLE_IDENTIFIER = Damla.Debate;
				PRODUCT_NAME = "$(TARGET_NAME)";
				SWIFT_EMIT_LOC_STRINGS = YES;
				SWIFT_VERSION = 5.0;
				TARGETED_DEVICE_FAMILY = "1,2";
			};
			name = Debug;
		};
		AB5767042CF5CB5D007026A5 /* Release */ = {
			isa = XCBuildConfiguration;
			buildSettings = {
				ASSETCATALOG_COMPILER_APPICON_NAME = AppIcon;
				ASSETCATALOG_COMPILER_GLOBAL_ACCENT_COLOR_NAME = AccentColor;
				CODE_SIGN_STYLE = Automatic;
				CURRENT_PROJECT_VERSION = 1;
				DEVELOPMENT_ASSET_PATHS = "\"Debate/Preview Content\"";
				DEVELOPMENT_TEAM = R3DZHP284Q;
				ENABLE_PREVIEWS = YES;
				GENERATE_INFOPLIST_FILE = YES;
				INFOPLIST_KEY_UIApplicationSceneManifest_Generation = YES;
				INFOPLIST_KEY_UIApplicationSupportsIndirectInputEvents = YES;
				INFOPLIST_KEY_UILaunchScreen_Generation = YES;
				INFOPLIST_KEY_UISupportedInterfaceOrientations_iPad = "UIInterfaceOrientationPortrait UIInterfaceOrientationPortraitUpsideDown UIInterfaceOrientationLandscapeLeft UIInterfaceOrientationLandscapeRight";
				INFOPLIST_KEY_UISupportedInterfaceOrientations_iPhone = "UIInterfaceOrientationPortrait UIInterfaceOrientationLandscapeLeft UIInterfaceOrientationLandscapeRight";
				LD_RUNPATH_SEARCH_PATHS = (
					"$(inherited)",
					"@executable_path/Frameworks",
				);
				MARKETING_VERSION = 1.0;
				PRODUCT_BUNDLE_IDENTIFIER = Damla.Debate;
				PRODUCT_NAME = "$(TARGET_NAME)";
				SWIFT_EMIT_LOC_STRINGS = YES;
				SWIFT_VERSION = 5.0;
				TARGETED_DEVICE_FAMILY = "1,2";
			};
			name = Release;
		};
		AB5767062CF5CB5D007026A5 /* Debug */ = {
			isa = XCBuildConfiguration;
			buildSettings = {
				BUNDLE_LOADER = "$(TEST_HOST)";
				CODE_SIGN_STYLE = Automatic;
				CURRENT_PROJECT_VERSION = 1;
				GENERATE_INFOPLIST_FILE = YES;
				IPHONEOS_DEPLOYMENT_TARGET = 18.1;
				MARKETING_VERSION = 1.0;
				PRODUCT_BUNDLE_IDENTIFIER = Damla.DebateTests;
				PRODUCT_NAME = "$(TARGET_NAME)";
				SWIFT_EMIT_LOC_STRINGS = NO;
				SWIFT_VERSION = 5.0;
				TARGETED_DEVICE_FAMILY = "1,2";
				TEST_HOST = "$(BUILT_PRODUCTS_DIR)/Debate.app/$(BUNDLE_EXECUTABLE_FOLDER_PATH)/Debate";
			};
			name = Debug;
		};
		AB5767072CF5CB5D007026A5 /* Release */ = {
			isa = XCBuildConfiguration;
			buildSettings = {
				BUNDLE_LOADER = "$(TEST_HOST)";
				CODE_SIGN_STYLE = Automatic;
				CURRENT_PROJECT_VERSION = 1;
				GENERATE_INFOPLIST_FILE = YES;
				IPHONEOS_DEPLOYMENT_TARGET = 18.1;
				MARKETING_VERSION = 1.0;
				PRODUCT_BUNDLE_IDENTIFIER = Damla.DebateTests;
				PRODUCT_NAME = "$(TARGET_NAME)";
				SWIFT_EMIT_LOC_STRINGS = NO;
				SWIFT_VERSION = 5.0;
				TARGETED_DEVICE_FAMILY = "1,2";
				TEST_HOST = "$(BUILT_PRODUCTS_DIR)/Debate.app/$(BUNDLE_EXECUTABLE_FOLDER_PATH)/Debate";
			};
			name = Release;
		};
		AB5767092CF5CB5D007026A5 /* Debug */ = {
			isa = XCBuildConfiguration;
			buildSettings = {
				CODE_SIGN_STYLE = Automatic;
				CURRENT_PROJECT_VERSION = 1;
				GENERATE_INFOPLIST_FILE = YES;
				MARKETING_VERSION = 1.0;
				PRODUCT_BUNDLE_IDENTIFIER = Damla.DebateUITests;
				PRODUCT_NAME = "$(TARGET_NAME)";
				SWIFT_EMIT_LOC_STRINGS = NO;
				SWIFT_VERSION = 5.0;
				TARGETED_DEVICE_FAMILY = "1,2";
				TEST_TARGET_NAME = Debate;
			};
			name = Debug;
		};
		AB57670A2CF5CB5D007026A5 /* Release */ = {
			isa = XCBuildConfiguration;
			buildSettings = {
				CODE_SIGN_STYLE = Automatic;
				CURRENT_PROJECT_VERSION = 1;
				GENERATE_INFOPLIST_FILE = YES;
				MARKETING_VERSION = 1.0;
				PRODUCT_BUNDLE_IDENTIFIER = Damla.DebateUITests;
				PRODUCT_NAME = "$(TARGET_NAME)";
				SWIFT_EMIT_LOC_STRINGS = NO;
				SWIFT_VERSION = 5.0;
				TARGETED_DEVICE_FAMILY = "1,2";
				TEST_TARGET_NAME = Debate;
			};
			name = Release;
		};
/* End XCBuildConfiguration section */

/* Begin XCConfigurationList section */
		AB5766D72CF5CB5A007026A5 /* Build configuration list for PBXProject "Debate" */ = {
			isa = XCConfigurationList;
			buildConfigurations = (
				AB5767002CF5CB5D007026A5 /* Debug */,
				AB5767012CF5CB5D007026A5 /* Release */,
			);
			defaultConfigurationIsVisible = 0;
			defaultConfigurationName = Release;
		};
		AB5767022CF5CB5D007026A5 /* Build configuration list for PBXNativeTarget "Debate" */ = {
			isa = XCConfigurationList;
			buildConfigurations = (
				AB5767032CF5CB5D007026A5 /* Debug */,
				AB5767042CF5CB5D007026A5 /* Release */,
			);
			defaultConfigurationIsVisible = 0;
			defaultConfigurationName = Release;
		};
		AB5767052CF5CB5D007026A5 /* Build configuration list for PBXNativeTarget "DebateTests" */ = {
			isa = XCConfigurationList;
			buildConfigurations = (
				AB5767062CF5CB5D007026A5 /* Debug */,
				AB5767072CF5CB5D007026A5 /* Release */,
			);
			defaultConfigurationIsVisible = 0;
			defaultConfigurationName = Release;
		};
		AB5767082CF5CB5D007026A5 /* Build configuration list for PBXNativeTarget "DebateUITests" */ = {
			isa = XCConfigurationList;
			buildConfigurations = (
				AB5767092CF5CB5D007026A5 /* Debug */,
				AB57670A2CF5CB5D007026A5 /* Release */,
			);
			defaultConfigurationIsVisible = 0;
			defaultConfigurationName = Release;
		};
/* End XCConfigurationList section */

/* Begin XCRemoteSwiftPackageReference section */
		D06EE92A2CFDB79A004CAC9E /* XCRemoteSwiftPackageReference "OpenAI" */ = {
			isa = XCRemoteSwiftPackageReference;
			repositoryURL = "https://github.com/MacPaw/OpenAI.git";
			requirement = {
				kind = upToNextMajorVersion;
				minimumVersion = 0.3.0;
			};
		};
/* End XCRemoteSwiftPackageReference section */

/* Begin XCSwiftPackageProductDependency section */
		D06EE92B2CFDB79A004CAC9E /* OpenAI */ = {
			isa = XCSwiftPackageProductDependency;
			package = D06EE92A2CFDB79A004CAC9E /* XCRemoteSwiftPackageReference "OpenAI" */;
			productName = OpenAI;
		};
/* End XCSwiftPackageProductDependency section */
	};
	rootObject = AB5766D42CF5CB5A007026A5 /* Project object */;
}
